// !$*UTF8*$!
{
	archiveVersion = 1;
	classes = {
	};
	objectVersion = 56;
	objects = {

/* Begin PBXBuildFile section */
		6664911D2B5C1CC500185A29 /* AudioPlayer.swift in Sources */ = {isa = PBXBuildFile; fileRef = 6664911C2B5C1CC500185A29 /* AudioPlayer.swift */; };
		666491212B5C4F4900185A29 /* Constants.swift in Sources */ = {isa = PBXBuildFile; fileRef = 666491202B5C4F4900185A29 /* Constants.swift */; };
		6674E3282B5F2EE600C344BE /* LogoutView.swift in Sources */ = {isa = PBXBuildFile; fileRef = 6674E3272B5F2EE600C344BE /* LogoutView.swift */; };
		669481692B5EF64700A32421 /* LoginView.swift in Sources */ = {isa = PBXBuildFile; fileRef = 669481682B5EF64700A32421 /* LoginView.swift */; };
		6694816B2B5EF8FC00A32421 /* UserAuth.swift in Sources */ = {isa = PBXBuildFile; fileRef = 6694816A2B5EF8FC00A32421 /* UserAuth.swift */; };
		6694816D2B5F209100A32421 /* KeychainHelper.swift in Sources */ = {isa = PBXBuildFile; fileRef = 6694816C2B5F209100A32421 /* KeychainHelper.swift */; };
		66A8DAA12B69591100D76FE8 /* BlueToggleStyle.swift in Sources */ = {isa = PBXBuildFile; fileRef = 66A8DAA02B69591100D76FE8 /* BlueToggleStyle.swift */; };
		66A8DAA32B6EAA3800D76FE8 /* CachedMp3sView.swift in Sources */ = {isa = PBXBuildFile; fileRef = 66A8DAA22B6EAA3800D76FE8 /* CachedMp3sView.swift */; };
		66A8DAA52B6EAAC200D76FE8 /* Mp3Cacher.swift in Sources */ = {isa = PBXBuildFile; fileRef = 66A8DAA42B6EAAC200D76FE8 /* Mp3Cacher.swift */; };
		66A8DAA72B6EAB8C00D76FE8 /* CachedMp3Data.swift in Sources */ = {isa = PBXBuildFile; fileRef = 66A8DAA62B6EAB8C00D76FE8 /* CachedMp3Data.swift */; };
		66A8DAA92B6EB48A00D76FE8 /* CachedMp3ListItem.swift in Sources */ = {isa = PBXBuildFile; fileRef = 66A8DAA82B6EB48A00D76FE8 /* CachedMp3ListItem.swift */; };
		66A8DAAB2B71BAA000D76FE8 /* PlaylistMp3sData.swift in Sources */ = {isa = PBXBuildFile; fileRef = 66A8DAAA2B71BAA000D76FE8 /* PlaylistMp3sData.swift */; };
		66B6F4472B5C56170017C5F5 /* PlaylistsData.swift in Sources */ = {isa = PBXBuildFile; fileRef = 66B6F4462B5C56170017C5F5 /* PlaylistsData.swift */; };
		66B6F44A2B5C57DE0017C5F5 /* PlaylistView.swift in Sources */ = {isa = PBXBuildFile; fileRef = 66B6F4492B5C57DE0017C5F5 /* PlaylistView.swift */; };
		66B6F44C2B5C58220017C5F5 /* PlaylistListItem.swift in Sources */ = {isa = PBXBuildFile; fileRef = 66B6F44B2B5C58220017C5F5 /* PlaylistListItem.swift */; };
		66B6F4502B5C71620017C5F5 /* MainCountsData.swift in Sources */ = {isa = PBXBuildFile; fileRef = 66B6F44F2B5C71620017C5F5 /* MainCountsData.swift */; };
		66B6F4522B5C980C0017C5F5 /* NetworkManager.swift in Sources */ = {isa = PBXBuildFile; fileRef = 66B6F4512B5C980C0017C5F5 /* NetworkManager.swift */; };
		66B6F4542B5CAFD70017C5F5 /* QueuedMp3ListItem.swift in Sources */ = {isa = PBXBuildFile; fileRef = 66B6F4532B5CAFD70017C5F5 /* QueuedMp3ListItem.swift */; };
		66B6F4562B5CB0540017C5F5 /* QueuedMp3sData.swift in Sources */ = {isa = PBXBuildFile; fileRef = 66B6F4552B5CB0540017C5F5 /* QueuedMp3sData.swift */; };
		66B6F4582B5D6D6A0017C5F5 /* Utils.swift in Sources */ = {isa = PBXBuildFile; fileRef = 66B6F4572B5D6D6A0017C5F5 /* Utils.swift */; };
		66DCBCF22B58B7A300793522 /* PlayerApp.swift in Sources */ = {isa = PBXBuildFile; fileRef = 66DCBCF12B58B7A300793522 /* PlayerApp.swift */; };
		66DCBCF42B58B7A300793522 /* MainView.swift in Sources */ = {isa = PBXBuildFile; fileRef = 66DCBCF32B58B7A300793522 /* MainView.swift */; };
		66DCBCF62B58B7A400793522 /* Assets.xcassets in Resources */ = {isa = PBXBuildFile; fileRef = 66DCBCF52B58B7A400793522 /* Assets.xcassets */; };
		66DCBCF92B58B7A400793522 /* Preview Assets.xcassets in Resources */ = {isa = PBXBuildFile; fileRef = 66DCBCF82B58B7A400793522 /* Preview Assets.xcassets */; };
		66DCBD1C2B58B96D00793522 /* Mp3sView.swift in Sources */ = {isa = PBXBuildFile; fileRef = 66DCBD1B2B58B96D00793522 /* Mp3sView.swift */; };
		66DCBD1E2B58BACB00793522 /* PlaylistsView.swift in Sources */ = {isa = PBXBuildFile; fileRef = 66DCBD1D2B58BACB00793522 /* PlaylistsView.swift */; };
		66DCBD202B58BB0C00793522 /* QueuedMp3sView.swift in Sources */ = {isa = PBXBuildFile; fileRef = 66DCBD1F2B58BB0C00793522 /* QueuedMp3sView.swift */; };
		66F6C2162B5B4FA300DC43FF /* Mp3sData.swift in Sources */ = {isa = PBXBuildFile; fileRef = 66F6C2152B5B4FA300DC43FF /* Mp3sData.swift */; };
		66F6C21A2B5BEB8900DC43FF /* Mp3ListItem.swift in Sources */ = {isa = PBXBuildFile; fileRef = 66F6C2192B5BEB8900DC43FF /* Mp3ListItem.swift */; };
/* End PBXBuildFile section */

/* Begin PBXFileReference section */
		6664911C2B5C1CC500185A29 /* AudioPlayer.swift */ = {isa = PBXFileReference; lastKnownFileType = sourcecode.swift; path = AudioPlayer.swift; sourceTree = "<group>"; };
		6664911E2B5C300400185A29 /* Info.plist */ = {isa = PBXFileReference; lastKnownFileType = text.plist; path = Info.plist; sourceTree = "<group>"; };
		666491202B5C4F4900185A29 /* Constants.swift */ = {isa = PBXFileReference; lastKnownFileType = sourcecode.swift; path = Constants.swift; sourceTree = "<group>"; };
		666491222B5C505000185A29 /* Constants.swift-example */ = {isa = PBXFileReference; lastKnownFileType = text; path = "Constants.swift-example"; sourceTree = "<group>"; };
		6674E3272B5F2EE600C344BE /* LogoutView.swift */ = {isa = PBXFileReference; lastKnownFileType = sourcecode.swift; path = LogoutView.swift; sourceTree = "<group>"; };
		669481682B5EF64700A32421 /* LoginView.swift */ = {isa = PBXFileReference; lastKnownFileType = sourcecode.swift; path = LoginView.swift; sourceTree = "<group>"; };
		6694816A2B5EF8FC00A32421 /* UserAuth.swift */ = {isa = PBXFileReference; lastKnownFileType = sourcecode.swift; path = UserAuth.swift; sourceTree = "<group>"; };
		6694816C2B5F209100A32421 /* KeychainHelper.swift */ = {isa = PBXFileReference; lastKnownFileType = sourcecode.swift; path = KeychainHelper.swift; sourceTree = "<group>"; };
		66A8DAA02B69591100D76FE8 /* BlueToggleStyle.swift */ = {isa = PBXFileReference; lastKnownFileType = sourcecode.swift; path = BlueToggleStyle.swift; sourceTree = "<group>"; };
		66A8DAA22B6EAA3800D76FE8 /* CachedMp3sView.swift */ = {isa = PBXFileReference; lastKnownFileType = sourcecode.swift; path = CachedMp3sView.swift; sourceTree = "<group>"; };
		66A8DAA42B6EAAC200D76FE8 /* Mp3Cacher.swift */ = {isa = PBXFileReference; lastKnownFileType = sourcecode.swift; path = Mp3Cacher.swift; sourceTree = "<group>"; };
		66A8DAA62B6EAB8C00D76FE8 /* CachedMp3Data.swift */ = {isa = PBXFileReference; lastKnownFileType = sourcecode.swift; path = CachedMp3Data.swift; sourceTree = "<group>"; };
		66A8DAA82B6EB48A00D76FE8 /* CachedMp3ListItem.swift */ = {isa = PBXFileReference; lastKnownFileType = sourcecode.swift; path = CachedMp3ListItem.swift; sourceTree = "<group>"; };
		66A8DAAA2B71BAA000D76FE8 /* PlaylistMp3sData.swift */ = {isa = PBXFileReference; lastKnownFileType = sourcecode.swift; path = PlaylistMp3sData.swift; sourceTree = "<group>"; };
		66B6F4462B5C56170017C5F5 /* PlaylistsData.swift */ = {isa = PBXFileReference; lastKnownFileType = sourcecode.swift; path = PlaylistsData.swift; sourceTree = "<group>"; };
		66B6F4492B5C57DE0017C5F5 /* PlaylistView.swift */ = {isa = PBXFileReference; lastKnownFileType = sourcecode.swift; path = PlaylistView.swift; sourceTree = "<group>"; };
		66B6F44B2B5C58220017C5F5 /* PlaylistListItem.swift */ = {isa = PBXFileReference; lastKnownFileType = sourcecode.swift; path = PlaylistListItem.swift; sourceTree = "<group>"; };
		66B6F44F2B5C71620017C5F5 /* MainCountsData.swift */ = {isa = PBXFileReference; lastKnownFileType = sourcecode.swift; path = MainCountsData.swift; sourceTree = "<group>"; };
		66B6F4512B5C980C0017C5F5 /* NetworkManager.swift */ = {isa = PBXFileReference; lastKnownFileType = sourcecode.swift; path = NetworkManager.swift; sourceTree = "<group>"; };
		66B6F4532B5CAFD70017C5F5 /* QueuedMp3ListItem.swift */ = {isa = PBXFileReference; lastKnownFileType = sourcecode.swift; path = QueuedMp3ListItem.swift; sourceTree = "<group>"; };
		66B6F4552B5CB0540017C5F5 /* QueuedMp3sData.swift */ = {isa = PBXFileReference; lastKnownFileType = sourcecode.swift; path = QueuedMp3sData.swift; sourceTree = "<group>"; };
		66B6F4572B5D6D6A0017C5F5 /* Utils.swift */ = {isa = PBXFileReference; lastKnownFileType = sourcecode.swift; path = Utils.swift; sourceTree = "<group>"; };
		66DCBCEE2B58B7A300793522 /* Player.app */ = {isa = PBXFileReference; explicitFileType = wrapper.application; includeInIndex = 0; path = Player.app; sourceTree = BUILT_PRODUCTS_DIR; };
		66DCBCF12B58B7A300793522 /* PlayerApp.swift */ = {isa = PBXFileReference; lastKnownFileType = sourcecode.swift; path = PlayerApp.swift; sourceTree = "<group>"; };
		66DCBCF32B58B7A300793522 /* MainView.swift */ = {isa = PBXFileReference; lastKnownFileType = sourcecode.swift; path = MainView.swift; sourceTree = "<group>"; };
		66DCBCF52B58B7A400793522 /* Assets.xcassets */ = {isa = PBXFileReference; lastKnownFileType = folder.assetcatalog; path = Assets.xcassets; sourceTree = "<group>"; };
		66DCBCF82B58B7A400793522 /* Preview Assets.xcassets */ = {isa = PBXFileReference; lastKnownFileType = folder.assetcatalog; path = "Preview Assets.xcassets"; sourceTree = "<group>"; };
		66DCBD1B2B58B96D00793522 /* Mp3sView.swift */ = {isa = PBXFileReference; lastKnownFileType = sourcecode.swift; path = Mp3sView.swift; sourceTree = "<group>"; };
		66DCBD1D2B58BACB00793522 /* PlaylistsView.swift */ = {isa = PBXFileReference; lastKnownFileType = sourcecode.swift; path = PlaylistsView.swift; sourceTree = "<group>"; };
		66DCBD1F2B58BB0C00793522 /* QueuedMp3sView.swift */ = {isa = PBXFileReference; lastKnownFileType = sourcecode.swift; path = QueuedMp3sView.swift; sourceTree = "<group>"; };
		66F6C2152B5B4FA300DC43FF /* Mp3sData.swift */ = {isa = PBXFileReference; lastKnownFileType = sourcecode.swift; path = Mp3sData.swift; sourceTree = "<group>"; };
		66F6C2192B5BEB8900DC43FF /* Mp3ListItem.swift */ = {isa = PBXFileReference; lastKnownFileType = sourcecode.swift; path = Mp3ListItem.swift; sourceTree = "<group>"; };
/* End PBXFileReference section */

/* Begin PBXFrameworksBuildPhase section */
		66DCBCEB2B58B7A300793522 /* Frameworks */ = {
			isa = PBXFrameworksBuildPhase;
			buildActionMask = 2147483647;
			files = (
			);
			runOnlyForDeploymentPostprocessing = 0;
		};
/* End PBXFrameworksBuildPhase section */

/* Begin PBXGroup section */
		66DCBCE52B58B7A300793522 = {
			isa = PBXGroup;
			children = (
				66DCBCF02B58B7A300793522 /* Player */,
				66DCBCEF2B58B7A300793522 /* Products */,
			);
			sourceTree = "<group>";
		};
		66DCBCEF2B58B7A300793522 /* Products */ = {
			isa = PBXGroup;
			children = (
				66DCBCEE2B58B7A300793522 /* Player.app */,
			);
			name = Products;
			sourceTree = "<group>";
		};
		66DCBCF02B58B7A300793522 /* Player */ = {
			isa = PBXGroup;
			children = (
				6664911E2B5C300400185A29 /* Info.plist */,
				6664911C2B5C1CC500185A29 /* AudioPlayer.swift */,
				66A8DAA02B69591100D76FE8 /* BlueToggleStyle.swift */,
				66A8DAA62B6EAB8C00D76FE8 /* CachedMp3Data.swift */,
				66A8DAA82B6EB48A00D76FE8 /* CachedMp3ListItem.swift */,
				66A8DAA22B6EAA3800D76FE8 /* CachedMp3sView.swift */,
				666491202B5C4F4900185A29 /* Constants.swift */,
				6694816C2B5F209100A32421 /* KeychainHelper.swift */,
				669481682B5EF64700A32421 /* LoginView.swift */,
				6674E3272B5F2EE600C344BE /* LogoutView.swift */,
				66B6F44F2B5C71620017C5F5 /* MainCountsData.swift */,
				66DCBCF32B58B7A300793522 /* MainView.swift */,
				66A8DAA42B6EAAC200D76FE8 /* Mp3Cacher.swift */,
				66F6C2192B5BEB8900DC43FF /* Mp3ListItem.swift */,
				66F6C2152B5B4FA300DC43FF /* Mp3sData.swift */,
				66DCBD1B2B58B96D00793522 /* Mp3sView.swift */,
				66B6F4512B5C980C0017C5F5 /* NetworkManager.swift */,
				66DCBCF12B58B7A300793522 /* PlayerApp.swift */,
				66B6F44B2B5C58220017C5F5 /* PlaylistListItem.swift */,
				66A8DAAA2B71BAA000D76FE8 /* PlaylistMp3sData.swift */,
				66B6F4462B5C56170017C5F5 /* PlaylistsData.swift */,
				66DCBD1D2B58BACB00793522 /* PlaylistsView.swift */,
				66B6F4492B5C57DE0017C5F5 /* PlaylistView.swift */,
				66B6F4532B5CAFD70017C5F5 /* QueuedMp3ListItem.swift */,
				66B6F4552B5CB0540017C5F5 /* QueuedMp3sData.swift */,
				66DCBD1F2B58BB0C00793522 /* QueuedMp3sView.swift */,
				6694816A2B5EF8FC00A32421 /* UserAuth.swift */,
				66B6F4572B5D6D6A0017C5F5 /* Utils.swift */,
				666491222B5C505000185A29 /* Constants.swift-example */,
				66DCBCF52B58B7A400793522 /* Assets.xcassets */,
				66DCBCF72B58B7A400793522 /* Preview Content */,
			);
			path = Player;
			sourceTree = "<group>";
		};
		66DCBCF72B58B7A400793522 /* Preview Content */ = {
			isa = PBXGroup;
			children = (
				66DCBCF82B58B7A400793522 /* Preview Assets.xcassets */,
			);
			path = "Preview Content";
			sourceTree = "<group>";
		};
/* End PBXGroup section */

/* Begin PBXNativeTarget section */
		66DCBCED2B58B7A300793522 /* Player */ = {
			isa = PBXNativeTarget;
			buildConfigurationList = 66DCBD122B58B7A400793522 /* Build configuration list for PBXNativeTarget "Player" */;
			buildPhases = (
				66DCBCEA2B58B7A300793522 /* Sources */,
				66DCBCEB2B58B7A300793522 /* Frameworks */,
				66DCBCEC2B58B7A300793522 /* Resources */,
			);
			buildRules = (
			);
			dependencies = (
			);
			name = Player;
			productName = Player;
			productReference = 66DCBCEE2B58B7A300793522 /* Player.app */;
			productType = "com.apple.product-type.application";
		};
/* End PBXNativeTarget section */

/* Begin PBXProject section */
		66DCBCE62B58B7A300793522 /* Project object */ = {
			isa = PBXProject;
			attributes = {
				BuildIndependentTargetsInParallel = 1;
				LastSwiftUpdateCheck = 1520;
				LastUpgradeCheck = 1520;
				TargetAttributes = {
					66DCBCED2B58B7A300793522 = {
						CreatedOnToolsVersion = 15.2;
					};
				};
			};
			buildConfigurationList = 66DCBCE92B58B7A300793522 /* Build configuration list for PBXProject "Player" */;
			compatibilityVersion = "Xcode 14.0";
			developmentRegion = en;
			hasScannedForEncodings = 0;
			knownRegions = (
				en,
				Base,
			);
			mainGroup = 66DCBCE52B58B7A300793522;
			productRefGroup = 66DCBCEF2B58B7A300793522 /* Products */;
			projectDirPath = "";
			projectRoot = "";
			targets = (
				66DCBCED2B58B7A300793522 /* Player */,
			);
		};
/* End PBXProject section */

/* Begin PBXResourcesBuildPhase section */
		66DCBCEC2B58B7A300793522 /* Resources */ = {
			isa = PBXResourcesBuildPhase;
			buildActionMask = 2147483647;
			files = (
				66DCBCF92B58B7A400793522 /* Preview Assets.xcassets in Resources */,
				66DCBCF62B58B7A400793522 /* Assets.xcassets in Resources */,
			);
			runOnlyForDeploymentPostprocessing = 0;
		};
/* End PBXResourcesBuildPhase section */

/* Begin PBXSourcesBuildPhase section */
		66DCBCEA2B58B7A300793522 /* Sources */ = {
			isa = PBXSourcesBuildPhase;
			buildActionMask = 2147483647;
			files = (
				66B6F4522B5C980C0017C5F5 /* NetworkManager.swift in Sources */,
				666491212B5C4F4900185A29 /* Constants.swift in Sources */,
				66DCBD1C2B58B96D00793522 /* Mp3sView.swift in Sources */,
				66B6F4502B5C71620017C5F5 /* MainCountsData.swift in Sources */,
				6694816D2B5F209100A32421 /* KeychainHelper.swift in Sources */,
				66A8DAAB2B71BAA000D76FE8 /* PlaylistMp3sData.swift in Sources */,
				66DCBCF42B58B7A300793522 /* MainView.swift in Sources */,
				66A8DAA32B6EAA3800D76FE8 /* CachedMp3sView.swift in Sources */,
				66B6F4562B5CB0540017C5F5 /* QueuedMp3sData.swift in Sources */,
				66A8DAA52B6EAAC200D76FE8 /* Mp3Cacher.swift in Sources */,
				66F6C21A2B5BEB8900DC43FF /* Mp3ListItem.swift in Sources */,
				66DCBD1E2B58BACB00793522 /* PlaylistsView.swift in Sources */,
				66DCBD202B58BB0C00793522 /* QueuedMp3sView.swift in Sources */,
				66B6F4542B5CAFD70017C5F5 /* QueuedMp3ListItem.swift in Sources */,
				6694816B2B5EF8FC00A32421 /* UserAuth.swift in Sources */,
				66B6F44A2B5C57DE0017C5F5 /* PlaylistView.swift in Sources */,
				66F6C2162B5B4FA300DC43FF /* Mp3sData.swift in Sources */,
				66A8DAA72B6EAB8C00D76FE8 /* CachedMp3Data.swift in Sources */,
				66B6F4472B5C56170017C5F5 /* PlaylistsData.swift in Sources */,
				6664911D2B5C1CC500185A29 /* AudioPlayer.swift in Sources */,
				66A8DAA92B6EB48A00D76FE8 /* CachedMp3ListItem.swift in Sources */,
				66B6F44C2B5C58220017C5F5 /* PlaylistListItem.swift in Sources */,
				669481692B5EF64700A32421 /* LoginView.swift in Sources */,
				66B6F4582B5D6D6A0017C5F5 /* Utils.swift in Sources */,
				66A8DAA12B69591100D76FE8 /* BlueToggleStyle.swift in Sources */,
				6674E3282B5F2EE600C344BE /* LogoutView.swift in Sources */,
				66DCBCF22B58B7A300793522 /* PlayerApp.swift in Sources */,
			);
			runOnlyForDeploymentPostprocessing = 0;
		};
/* End PBXSourcesBuildPhase section */

/* Begin XCBuildConfiguration section */
		66DCBD102B58B7A400793522 /* Debug */ = {
			isa = XCBuildConfiguration;
			buildSettings = {
				ALWAYS_SEARCH_USER_PATHS = NO;
				ASSETCATALOG_COMPILER_GENERATE_SWIFT_ASSET_SYMBOL_EXTENSIONS = YES;
				CLANG_ANALYZER_NONNULL = YES;
				CLANG_ANALYZER_NUMBER_OBJECT_CONVERSION = YES_AGGRESSIVE;
				CLANG_CXX_LANGUAGE_STANDARD = "gnu++20";
				CLANG_ENABLE_MODULES = YES;
				CLANG_ENABLE_OBJC_ARC = YES;
				CLANG_ENABLE_OBJC_WEAK = YES;
				CLANG_WARN_BLOCK_CAPTURE_AUTORELEASING = YES;
				CLANG_WARN_BOOL_CONVERSION = YES;
				CLANG_WARN_COMMA = YES;
				CLANG_WARN_CONSTANT_CONVERSION = YES;
				CLANG_WARN_DEPRECATED_OBJC_IMPLEMENTATIONS = YES;
				CLANG_WARN_DIRECT_OBJC_ISA_USAGE = YES_ERROR;
				CLANG_WARN_DOCUMENTATION_COMMENTS = YES;
				CLANG_WARN_EMPTY_BODY = YES;
				CLANG_WARN_ENUM_CONVERSION = YES;
				CLANG_WARN_INFINITE_RECURSION = YES;
				CLANG_WARN_INT_CONVERSION = YES;
				CLANG_WARN_NON_LITERAL_NULL_CONVERSION = YES;
				CLANG_WARN_OBJC_IMPLICIT_RETAIN_SELF = YES;
				CLANG_WARN_OBJC_LITERAL_CONVERSION = YES;
				CLANG_WARN_OBJC_ROOT_CLASS = YES_ERROR;
				CLANG_WARN_QUOTED_INCLUDE_IN_FRAMEWORK_HEADER = YES;
				CLANG_WARN_RANGE_LOOP_ANALYSIS = YES;
				CLANG_WARN_STRICT_PROTOTYPES = YES;
				CLANG_WARN_SUSPICIOUS_MOVE = YES;
				CLANG_WARN_UNGUARDED_AVAILABILITY = YES_AGGRESSIVE;
				CLANG_WARN_UNREACHABLE_CODE = YES;
				CLANG_WARN__DUPLICATE_METHOD_MATCH = YES;
				COPY_PHASE_STRIP = NO;
				DEBUG_INFORMATION_FORMAT = dwarf;
				ENABLE_STRICT_OBJC_MSGSEND = YES;
				ENABLE_TESTABILITY = YES;
				ENABLE_USER_SCRIPT_SANDBOXING = YES;
				GCC_C_LANGUAGE_STANDARD = gnu17;
				GCC_DYNAMIC_NO_PIC = NO;
				GCC_NO_COMMON_BLOCKS = YES;
				GCC_OPTIMIZATION_LEVEL = 0;
				GCC_PREPROCESSOR_DEFINITIONS = (
					"DEBUG=1",
					"$(inherited)",
				);
				GCC_WARN_64_TO_32_BIT_CONVERSION = YES;
				GCC_WARN_ABOUT_RETURN_TYPE = YES_ERROR;
				GCC_WARN_UNDECLARED_SELECTOR = YES;
				GCC_WARN_UNINITIALIZED_AUTOS = YES_AGGRESSIVE;
				GCC_WARN_UNUSED_FUNCTION = YES;
				GCC_WARN_UNUSED_VARIABLE = YES;
				IPHONEOS_DEPLOYMENT_TARGET = 17.2;
				LOCALIZATION_PREFERS_STRING_CATALOGS = YES;
				MTL_ENABLE_DEBUG_INFO = INCLUDE_SOURCE;
				MTL_FAST_MATH = YES;
				ONLY_ACTIVE_ARCH = YES;
				SDKROOT = iphoneos;
				SWIFT_ACTIVE_COMPILATION_CONDITIONS = "DEBUG $(inherited)";
				SWIFT_OPTIMIZATION_LEVEL = "-Onone";
			};
			name = Debug;
		};
		66DCBD112B58B7A400793522 /* Release */ = {
			isa = XCBuildConfiguration;
			buildSettings = {
				ALWAYS_SEARCH_USER_PATHS = NO;
				ASSETCATALOG_COMPILER_GENERATE_SWIFT_ASSET_SYMBOL_EXTENSIONS = YES;
				CLANG_ANALYZER_NONNULL = YES;
				CLANG_ANALYZER_NUMBER_OBJECT_CONVERSION = YES_AGGRESSIVE;
				CLANG_CXX_LANGUAGE_STANDARD = "gnu++20";
				CLANG_ENABLE_MODULES = YES;
				CLANG_ENABLE_OBJC_ARC = YES;
				CLANG_ENABLE_OBJC_WEAK = YES;
				CLANG_WARN_BLOCK_CAPTURE_AUTORELEASING = YES;
				CLANG_WARN_BOOL_CONVERSION = YES;
				CLANG_WARN_COMMA = YES;
				CLANG_WARN_CONSTANT_CONVERSION = YES;
				CLANG_WARN_DEPRECATED_OBJC_IMPLEMENTATIONS = YES;
				CLANG_WARN_DIRECT_OBJC_ISA_USAGE = YES_ERROR;
				CLANG_WARN_DOCUMENTATION_COMMENTS = YES;
				CLANG_WARN_EMPTY_BODY = YES;
				CLANG_WARN_ENUM_CONVERSION = YES;
				CLANG_WARN_INFINITE_RECURSION = YES;
				CLANG_WARN_INT_CONVERSION = YES;
				CLANG_WARN_NON_LITERAL_NULL_CONVERSION = YES;
				CLANG_WARN_OBJC_IMPLICIT_RETAIN_SELF = YES;
				CLANG_WARN_OBJC_LITERAL_CONVERSION = YES;
				CLANG_WARN_OBJC_ROOT_CLASS = YES_ERROR;
				CLANG_WARN_QUOTED_INCLUDE_IN_FRAMEWORK_HEADER = YES;
				CLANG_WARN_RANGE_LOOP_ANALYSIS = YES;
				CLANG_WARN_STRICT_PROTOTYPES = YES;
				CLANG_WARN_SUSPICIOUS_MOVE = YES;
				CLANG_WARN_UNGUARDED_AVAILABILITY = YES_AGGRESSIVE;
				CLANG_WARN_UNREACHABLE_CODE = YES;
				CLANG_WARN__DUPLICATE_METHOD_MATCH = YES;
				COPY_PHASE_STRIP = NO;
				DEBUG_INFORMATION_FORMAT = "dwarf-with-dsym";
				ENABLE_NS_ASSERTIONS = NO;
				ENABLE_STRICT_OBJC_MSGSEND = YES;
				ENABLE_USER_SCRIPT_SANDBOXING = YES;
				GCC_C_LANGUAGE_STANDARD = gnu17;
				GCC_NO_COMMON_BLOCKS = YES;
				GCC_WARN_64_TO_32_BIT_CONVERSION = YES;
				GCC_WARN_ABOUT_RETURN_TYPE = YES_ERROR;
				GCC_WARN_UNDECLARED_SELECTOR = YES;
				GCC_WARN_UNINITIALIZED_AUTOS = YES_AGGRESSIVE;
				GCC_WARN_UNUSED_FUNCTION = YES;
				GCC_WARN_UNUSED_VARIABLE = YES;
				IPHONEOS_DEPLOYMENT_TARGET = 17.2;
				LOCALIZATION_PREFERS_STRING_CATALOGS = YES;
				MTL_ENABLE_DEBUG_INFO = NO;
				MTL_FAST_MATH = YES;
				SDKROOT = iphoneos;
				SWIFT_COMPILATION_MODE = wholemodule;
				VALIDATE_PRODUCT = YES;
			};
			name = Release;
		};
		66DCBD132B58B7A400793522 /* Debug */ = {
			isa = XCBuildConfiguration;
			buildSettings = {
				ASSETCATALOG_COMPILER_APPICON_NAME = AppIcon;
				ASSETCATALOG_COMPILER_GLOBAL_ACCENT_COLOR_NAME = AccentColor;
				CODE_SIGN_STYLE = Automatic;
				CURRENT_PROJECT_VERSION = 1;
				DEVELOPMENT_ASSET_PATHS = "\"Player/Preview Content\"";
				DEVELOPMENT_TEAM = LAPRLVRUWM;
				ENABLE_PREVIEWS = YES;
				GENERATE_INFOPLIST_FILE = YES;
				INFOPLIST_FILE = Player/Info.plist;
				INFOPLIST_KEY_UIApplicationSceneManifest_Generation = YES;
				INFOPLIST_KEY_UIApplicationSupportsIndirectInputEvents = YES;
				INFOPLIST_KEY_UILaunchScreen_Generation = YES;
				INFOPLIST_KEY_UISupportedInterfaceOrientations_iPad = "UIInterfaceOrientationPortrait UIInterfaceOrientationPortraitUpsideDown UIInterfaceOrientationLandscapeLeft UIInterfaceOrientationLandscapeRight";
				INFOPLIST_KEY_UISupportedInterfaceOrientations_iPhone = "UIInterfaceOrientationPortrait UIInterfaceOrientationLandscapeLeft UIInterfaceOrientationLandscapeRight";
				LD_RUNPATH_SEARCH_PATHS = (
					"$(inherited)",
					"@executable_path/Frameworks",
				);
				MARKETING_VERSION = 1.0;
				PRODUCT_BUNDLE_IDENTIFIER = com.darkclear.ios.Player;
				PRODUCT_NAME = "$(TARGET_NAME)";
				SWIFT_EMIT_LOC_STRINGS = YES;
				SWIFT_VERSION = 5.0;
				TARGETED_DEVICE_FAMILY = "1,2";
			};
			name = Debug;
		};
		66DCBD142B58B7A400793522 /* Release */ = {
			isa = XCBuildConfiguration;
			buildSettings = {
				ASSETCATALOG_COMPILER_APPICON_NAME = AppIcon;
				ASSETCATALOG_COMPILER_GLOBAL_ACCENT_COLOR_NAME = AccentColor;
				CODE_SIGN_STYLE = Automatic;
				CURRENT_PROJECT_VERSION = 1;
				DEVELOPMENT_ASSET_PATHS = "\"Player/Preview Content\"";
				DEVELOPMENT_TEAM = LAPRLVRUWM;
				ENABLE_PREVIEWS = YES;
				GENERATE_INFOPLIST_FILE = YES;
				INFOPLIST_FILE = Player/Info.plist;
				INFOPLIST_KEY_UIApplicationSceneManifest_Generation = YES;
				INFOPLIST_KEY_UIApplicationSupportsIndirectInputEvents = YES;
				INFOPLIST_KEY_UILaunchScreen_Generation = YES;
				INFOPLIST_KEY_UISupportedInterfaceOrientations_iPad = "UIInterfaceOrientationPortrait UIInterfaceOrientationPortraitUpsideDown UIInterfaceOrientationLandscapeLeft UIInterfaceOrientationLandscapeRight";
				INFOPLIST_KEY_UISupportedInterfaceOrientations_iPhone = "UIInterfaceOrientationPortrait UIInterfaceOrientationLandscapeLeft UIInterfaceOrientationLandscapeRight";
				LD_RUNPATH_SEARCH_PATHS = (
					"$(inherited)",
					"@executable_path/Frameworks",
				);
				MARKETING_VERSION = 1.0;
				PRODUCT_BUNDLE_IDENTIFIER = com.darkclear.ios.Player;
				PRODUCT_NAME = "$(TARGET_NAME)";
				SWIFT_EMIT_LOC_STRINGS = YES;
				SWIFT_VERSION = 5.0;
				TARGETED_DEVICE_FAMILY = "1,2";
			};
			name = Release;
		};
/* End XCBuildConfiguration section */

/* Begin XCConfigurationList section */
		66DCBCE92B58B7A300793522 /* Build configuration list for PBXProject "Player" */ = {
			isa = XCConfigurationList;
			buildConfigurations = (
				66DCBD102B58B7A400793522 /* Debug */,
				66DCBD112B58B7A400793522 /* Release */,
			);
			defaultConfigurationIsVisible = 0;
			defaultConfigurationName = Release;
		};
		66DCBD122B58B7A400793522 /* Build configuration list for PBXNativeTarget "Player" */ = {
			isa = XCConfigurationList;
			buildConfigurations = (
				66DCBD132B58B7A400793522 /* Debug */,
				66DCBD142B58B7A400793522 /* Release */,
			);
			defaultConfigurationIsVisible = 0;
			defaultConfigurationName = Release;
		};
/* End XCConfigurationList section */
	};
	rootObject = 66DCBCE62B58B7A300793522 /* Project object */;
}
